
Microsoft Visual Studio Solution File, Format Version 12.00
# Visual Studio 15
VisualStudioVersion = 15.0.26730.10
MinimumVisualStudioVersion = 10.0.40219.1
Project("{FAE04EC0-301F-11D3-BF4B-00C04F79EFBC}") = "GoDurban", "GoDurban\GoDurban.csproj", "{0D3A42D6-0B4F-41F2-BE7A-D0C22899E32D}"
EndProject
Global
	GlobalSection(SolutionConfigurationPlatforms) = preSolution
		Debug|Any CPU = Debug|Any CPU
		Release|Any CPU = Release|Any CPU
	EndGlobalSection
	GlobalSection(ProjectConfigurationPlatforms) = postSolution
		{0D3A42D6-0B4F-41F2-BE7A-D0C22899E32D}.Debug|Any CPU.ActiveCfg = Debug|Any CPU
		{0D3A42D6-0B4F-41F2-BE7A-D0C22899E32D}.Debug|Any CPU.Build.0 = Debug|Any CPU
		{0D3A42D6-0B4F-41F2-BE7A-D0C22899E32D}.Release|Any CPU.ActiveCfg = Release|Any CPU
		{0D3A42D6-0B4F-41F2-BE7A-D0C22899E32D}.Release|Any CPU.Build.0 = Release|Any CPU
	EndGlobalSection
	GlobalSection(SolutionProperties) = preSolution
		HideSolutionNode = FALSE
	EndGlobalSection
	GlobalSection(ExtensibilityGlobals) = postSolution
		SolutionGuid = {4493C270-77AE-400D-BFF8-83B0B9D5D568}
	EndGlobalSection
EndGlobal
